
Microsoft Visual Studio Solution File, Format Version 12.00
Project("{FAE04EC0-301F-11D3-BF4B-00C04F79EFBC}") = "Api1", "Api1\Api1.csproj", "{E3BA1E3C-8763-4C92-A3B3-17559FF9B790}"
EndProject
Project("{FAE04EC0-301F-11D3-BF4B-00C04F79EFBC}") = "Api2", "Api2\Api2.csproj", "{7BEF8571-F47E-4773-9BA3-7EA1E626DB5B}"
EndProject
Project("{FAE04EC0-301F-11D3-BF4B-00C04F79EFBC}") = "Tests", "Tests\Tests.csproj", "{1D51AC81-D609-4006-8D29-F952CC217B37}"
EndProject
Project("{FAE04EC0-301F-11D3-BF4B-00C04F79EFBC}") = "FinanceiroCore", "FinanceiroCore\FinanceiroCore.csproj", "{B5FBCA0D-1E35-42D8-9D43-95AF28846010}"
EndProject
Global
	GlobalSection(SolutionConfigurationPlatforms) = preSolution
		Debug|Any CPU = Debug|Any CPU
		Release|Any CPU = Release|Any CPU
	EndGlobalSection
	GlobalSection(ProjectConfigurationPlatforms) = postSolution
		{E3BA1E3C-8763-4C92-A3B3-17559FF9B790}.Debug|Any CPU.ActiveCfg = Debug|Any CPU
		{E3BA1E3C-8763-4C92-A3B3-17559FF9B790}.Debug|Any CPU.Build.0 = Debug|Any CPU
		{E3BA1E3C-8763-4C92-A3B3-17559FF9B790}.Release|Any CPU.ActiveCfg = Release|Any CPU
		{E3BA1E3C-8763-4C92-A3B3-17559FF9B790}.Release|Any CPU.Build.0 = Release|Any CPU
		{7BEF8571-F47E-4773-9BA3-7EA1E626DB5B}.Debug|Any CPU.ActiveCfg = Debug|Any CPU
		{7BEF8571-F47E-4773-9BA3-7EA1E626DB5B}.Debug|Any CPU.Build.0 = Debug|Any CPU
		{7BEF8571-F47E-4773-9BA3-7EA1E626DB5B}.Release|Any CPU.ActiveCfg = Release|Any CPU
		{7BEF8571-F47E-4773-9BA3-7EA1E626DB5B}.Release|Any CPU.Build.0 = Release|Any CPU
		{1D51AC81-D609-4006-8D29-F952CC217B37}.Debug|Any CPU.ActiveCfg = Debug|Any CPU
		{1D51AC81-D609-4006-8D29-F952CC217B37}.Debug|Any CPU.Build.0 = Debug|Any CPU
		{1D51AC81-D609-4006-8D29-F952CC217B37}.Release|Any CPU.ActiveCfg = Release|Any CPU
		{1D51AC81-D609-4006-8D29-F952CC217B37}.Release|Any CPU.Build.0 = Release|Any CPU
		{B5FBCA0D-1E35-42D8-9D43-95AF28846010}.Debug|Any CPU.ActiveCfg = Debug|Any CPU
		{B5FBCA0D-1E35-42D8-9D43-95AF28846010}.Debug|Any CPU.Build.0 = Debug|Any CPU
		{B5FBCA0D-1E35-42D8-9D43-95AF28846010}.Release|Any CPU.ActiveCfg = Release|Any CPU
		{B5FBCA0D-1E35-42D8-9D43-95AF28846010}.Release|Any CPU.Build.0 = Release|Any CPU
	EndGlobalSection
EndGlobal
